# THIS IS AN AUTOGENERATED FILE. DO NOT EDIT THIS FILE DIRECTLY.
# ALWAYS COMMIT THIS FILE TO GIT.
# Records the exact versions and metadata of all packages installed to ensure reproducible environments.

[conda]
_openmp_mutex=4.5=20_gnu @ 426e1572
_python_abi3_support=1.0=hd8ed1ab_2 @ 2cda1526
aiobotocore=3.7.0=pyhcf101f3_0 @ 2cda1526
aiohappyeyeballs=2.6.2=pyhd8ed1ab_0 @ 2cda1526
aiohttp=3.14.1=py312h5d8c7f2_0 @ 426e1572
aioitertools=0.13.0=pyhd8ed1ab_0 @ 2cda1526
aiosignal=1.4.0=pyhd8ed1ab_0 @ 2cda1526
annotated-types=0.7.0=pyhd8ed1ab_1 @ 77dc15eb
anyio=4.14.0=pyhcf101f3_0 @ 931c1ab2
attrs=26.1.0=pyhcf101f3_0 @ 2cda1526
aws-c-auth=0.10.3=hea842a7_2 @ 426e1572
aws-c-cal=0.9.14=h78948cc_2 @ 426e1572
aws-c-common=0.14.0=hb03c661_0 @ 426e1572
aws-c-compression=0.3.2=haa0cbde_2 @ 426e1572
aws-c-event-stream=0.7.1=h9cf6be0_2 @ 426e1572
aws-c-http=0.11.0=h6488f85_2 @ 426e1572
aws-c-io=0.26.3=h3bf836e_5 @ ad241afe
aws-c-mqtt=0.15.2=h0d2f46f_4 @ 426e1572
aws-c-s3=0.12.5=hb916526_1 @ 426e1572
aws-c-sdkutils=0.2.4=haa0cbde_6 @ 426e1572
aws-checksums=0.2.10=haa0cbde_2 @ 426e1572
aws-crt-cpp=0.40.0=h41299d8_1 @ 426e1572
aws-sdk-cpp=1.11.747=h6154047_6 @ 426e1572
azure-core-cpp=1.16.3=h206d751_0 @ 8ea01637
azure-identity-cpp=1.13.3=h71f81a8_2 @ 8ea01637
azure-storage-blobs-cpp=12.18.0=h74b55db_1 @ 8ea01637
azure-storage-common-cpp=12.14.0=hf596fc9_1 @ 8ea01637
azure-storage-files-datalake-cpp=12.16.0=h1f05bef_1 @ 8ea01637
backports.zstd=1.6.0=py312h90b7ffd_0 @ 426e1572
botocore=1.43.0=pyhd8ed1ab_0 @ 2cda1526
brotli-python=1.2.0=py312hdb49522_1 @ 426e1572
bzip2=1.0.8=hda65f42_9 @ 426e1572
c-ares=1.34.6=hb03c661_0 @ 426e1572
ca-certificates=2026.6.17=hbd8a1cb_0 @ 931c1ab2
certifi=2026.6.17=pyhd8ed1ab_0 @ 931c1ab2
charset-normalizer=3.4.7=pyhd8ed1ab_0 @ 2cda1526
conjure-python-client=2.12.0=pyhd8ed1ab_1 @ 2cda1526
cpython=3.12.13=py312hd8ed1ab_0 @ 2cda1526
data-health-api=1.1566.0=py_0 @ 5a011d5e
exceptiongroup=1.3.1=pyhd8ed1ab_0 @ 2cda1526
external-systems=0.111.0=pyhd8ed1ab_0 @ 77dc15eb
foundry-container-sidecar-api=0.2395.0=py_0 @ 5a011d5e
foundry-data-sidecar-api=0.966.0=py_0 @ 586315a4
foundry-platform-sdk=1.94.0=pyhd8ed1ab_0 @ 931c1ab2
foundry-transforms-lib-python=0.1175.0=py_0 @ 5a011d5e
frozendict=2.4.7=pyh851646a_2 @ 77dc15eb
frozenlist=1.8.0=py312h447239a_0 @ 426e1572
fsspec=2026.6.0=pyhd8ed1ab_0 @ 931c1ab2
gflags=2.2.2=h5888daf_1005 @ 426e1572
glog=0.7.1=hbabe93e_0 @ 426e1572
h11=0.16.0=pyhcf101f3_1 @ 77dc15eb
h2=4.3.0=pyhcf101f3_0 @ 2cda1526
hpack=4.1.0=pyhd8ed1ab_0 @ 2cda1526
httpcore=1.0.9=pyh29332c3_0 @ 77dc15eb
httpx=0.28.1=pyhd8ed1ab_0 @ 77dc15eb
hyperframe=6.1.0=pyhd8ed1ab_0 @ 2cda1526
icu=78.3=h33c6efd_0 @ 426e1572
idna=3.18=pyhcf101f3_0 @ 931c1ab2
importlib-metadata=9.0.0=pyhcf101f3_0 @ 2cda1526
jmespath=1.1.0=pyhcf101f3_1 @ 2cda1526
keyutils=1.6.3=hb9d3cd8_0 @ 426e1572
krb5=1.22.2=ha1258a1_0 @ 426e1572
ld_impl_linux-64=2.45.1=default_hbd61a6d_102 @ 426e1572
libabseil=20260107.1=cxx17_h7b12aa8_0 @ 426e1572
libarrow=24.0.0=h157cd41_6_cpu @ 8ea01637
libarrow-acero=24.0.0=h635bf11_6_cpu @ 8ea01637
libarrow-compute=24.0.0=h53684a4_6_cpu @ 8ea01637
libarrow-dataset=24.0.0=h635bf11_6_cpu @ 8ea01637
libarrow-substrait=24.0.0=hb4dd7c2_6_cpu @ 8ea01637
libblas=3.11.0=8_h4a7cf45_openblas @ 426e1572
libbrotlicommon=1.2.0=hb03c661_1 @ 426e1572
libbrotlidec=1.2.0=hb03c661_1 @ 426e1572
libbrotlienc=1.2.0=hb03c661_1 @ 426e1572
libcblas=3.11.0=8_h0358290_openblas @ 426e1572
libcrc32c=1.1.2=h9c3ff4c_0 @ 6c0115f0
libcurl=8.20.0=hcf29cc6_0 @ 426e1572
libedit=3.1.20250104=pl5321h7949ede_0 @ 426e1572
libev=4.33=hd590300_2 @ 426e1572
libevent=2.1.12=hf998b51_1 @ 426e1572
libexpat=2.8.1=hecca717_1 @ 426e1572
libffi=3.5.2=h9ec8514_0 @ 426e1572
libgcc=15.2.0=he0feb66_19 @ 426e1572
libgcc-ng=15.2.0=h69a702a_19 @ 426e1572
libgfortran=15.2.0=h69a702a_19 @ 426e1572
libgfortran5=15.2.0=h68bc16d_19 @ 426e1572
libgomp=15.2.0=he0feb66_19 @ 426e1572
libgoogle-cloud=3.5.0=h8d2ee43_1 @ 426e1572
libgoogle-cloud-storage=3.5.0=hdbdcf42_1 @ 426e1572
libgrpc=1.78.1=h1d1128b_0 @ 426e1572
libiconv=1.18=h3b78370_2 @ 426e1572
liblapack=3.11.0=8_h47877c9_openblas @ 426e1572
liblzma=5.8.3=hb03c661_0 @ 426e1572
libnghttp2=1.68.1=h877daf1_0 @ 426e1572
libnsl=2.0.1=hb9d3cd8_1 @ 426e1572
libopenblas=0.3.33=pthreads_h94d23a6_0 @ 426e1572
libopentelemetry-cpp=1.27.0=h9692893_0 @ 426e1572
libopentelemetry-cpp-headers=1.27.0=ha770c72_0 @ 426e1572
libparquet=24.0.0=h7376487_6_cpu @ 8ea01637
libprotobuf=6.33.5=h6eeba95_1 @ 426e1572
libre2-11=2025.11.05=h0dc7533_1 @ 426e1572
libsqlite=3.53.2=h0c1763c_0 @ 426e1572
libssh2=1.11.1=hcf80075_0 @ 426e1572
libstdcxx=15.2.0=h934c35e_19 @ 426e1572
libstdcxx-ng=15.2.0=hdf11a46_19 @ 426e1572
libthrift=0.22.0=h7d032f7_2 @ 426e1572
libutf8proc=2.11.3=hfe17d71_0 @ 426e1572
libuuid=2.42.2=h5347b49_0 @ ad241afe
libxcrypt=4.4.36=hd590300_1 @ 426e1572
libxml2=2.15.3=h49c6c72_0 @ 426e1572
libxml2-16=2.15.3=hca6bf5a_0 @ 426e1572
libzlib=1.3.2=h25fd6f3_2 @ 426e1572
lz4-c=1.10.0=h5888daf_1 @ 426e1572
multidict=6.7.1=py312h8a5da7c_0 @ 426e1572
ncurses=6.6=hdb14827_0 @ 426e1572
nlohmann_json=3.12.0=h54a6638_1 @ 426e1572
numpy=1.26.4=py312heda63a1_0 @ 426e1572
openssl=3.6.3=h35e630c_0 @ 426e1572
orc=2.3.0=h21090e2_0 @ 426e1572
packaging=26.2=pyhc364b38_0 @ 2cda1526
palantir-spark-time=3.24.0=py_0 @ 586315a4
pandas=3.0.3=py312h8ecdadd_0 @ 8ea01637
parsimonious=0.10.0=pyhd8ed1ab_1 @ 2cda1526
pip=26.1.2=pyh8b19718_0 @ 2cda1526
polars=1.41.2=pyh58ad624_0 @ 2cda1526
polars-runtime-32=1.41.2=py310h49dadd8_0 @ 426e1572
prometheus-cpp=1.3.0=ha5d0236_0 @ 426e1572
propcache=0.5.2=py312h8a5da7c_0 @ 426e1572
py4j=0.10.9.9=pyhd8ed1ab_0 @ 2cda1526
pyarrow=24.0.0=py312h7900ff3_0 @ 426e1572
pyarrow-core=24.0.0=py312h2054cf2_0_cpu @ 426e1572
pydantic=2.11.10=pyh3cfb1c2_0 @ 77dc15eb
pydantic-core=2.33.2=py312h868fb18_1 @ 8ea01637
pysocks=1.7.1=pyha55dd90_7 @ 2cda1526
pyspark=3.5.5.28=py_0 @ 586315a4
pyspark-src=3.5.5.28=py_0 @ 586315a4
python=3.12.13=hd63d673_0_cpython @ 426e1572
python-dateutil=2.9.0.post0=pyhe01879c_2 @ 2cda1526
python-gil=3.12.13=hd8ed1ab_0 @ 2cda1526
python_abi=3.12=8_cp312 @ 2cda1526
pytz=2026.2=pyhcf101f3_0 @ 2cda1526
pyyaml=6.0.3=py312h8a5da7c_1 @ 426e1572
re2=2025.11.05=h5301d42_1 @ 426e1572
readline=8.3=h853b02a_0 @ 426e1572
regex=2026.5.9=py312h4c3975b_0 @ 426e1572
requests=2.34.2=pyhcf101f3_0 @ 2cda1526
retrying=1.4.2=pyhe01879c_0 @ 77dc15eb
s2n=1.7.4=h92489ea_1 @ ad241afe
s3fs=2026.6.0=pyhd8ed1ab_0 @ 931c1ab2
setuptools=78.1.1=pyhff2d567_0 @ 2cda1526
six=1.17.0=pyhe01879c_1 @ 2cda1526
snappy=1.2.2=h03e3b7b_1 @ 426e1572
sniffio=1.3.1=pyhd8ed1ab_2 @ 77dc15eb
tables-api=0.1066.0=py_0 @ 586315a4
tk=8.6.13=noxft_h366c992_103 @ 426e1572
transforms=3.208.2=py_0 @ 586315a4
transforms-container-ops-python=0.306.0=py312 @ b58216b5
transforms-expectations=0.1287.0=py_0 @ a0b41669
transforms-external-systems=0.1287.0=py_0 @ a0b41669
transforms-preview=0.1287.0=py_0 @ a0b41669
transforms-verbs=0.1287.0=py_0 @ a0b41669
typeguard=4.5.2=pyhcf101f3_0 @ 2cda1526
types-requests=2.33.0.20260518=pyhcf101f3_0 @ 77dc15eb
typing-extensions=4.15.0=h396c80c_0 @ 2cda1526
typing-inspection=0.4.2=pyhcf101f3_2 @ 77dc15eb
typing_extensions=4.15.0=pyhcf101f3_0 @ 2cda1526
tzdata=2025c=hc9c84f9_1 @ 2cda1526
urllib3=2.7.0=pyhd8ed1ab_0 @ 2cda1526
wheel=0.47.0=pyhd8ed1ab_0 @ 2cda1526
wrapt=2.2.1=py312h4c3975b_0 @ 426e1572
yaml=0.2.5=h280c20c_3 @ 426e1572
yarl=1.24.2=py312h8a5da7c_0 @ 426e1572
zipp=4.1.0=pyhcf101f3_0 @ 2cda1526
zlib=1.3.2=h25fd6f3_2 @ 426e1572
zstd=1.5.7=hb78ec9c_6 @ 426e1572

[pip]

[conda-metadata]
2cda1526 - noarch @ conda @ ri.transforms.python.artifacts.repository
426e1572 - linux-64 @ conda @ ri.transforms.python.artifacts.repository
586315a4 - noarch @ tar.bz2 @ ri.transforms.python.artifacts.repository
5a011d5e - noarch @ tar.bz2 @ ri.artifacts.repository.python-library.foundry-transforms-lib
6c0115f0 - linux-64 @ tar.bz2 @ ri.transforms.python.artifacts.repository
77dc15eb - noarch @ conda @ ri.transforms-addons-bundle..artifacts.bundle
8ea01637 - linux-64 @ conda @ ri.transforms-addons-bundle..artifacts.bundle
931c1ab2 - noarch @ conda @ ri.artifacts.repository.artifactory.external-conda-forge
a0b41669 - noarch @ tar.bz2 @ ri.transforms-addons-bundle..artifacts.bundle
ad241afe - linux-64 @ conda @ ri.artifacts.repository.artifactory.external-conda-forge
b58216b5 - linux-64 @ tar.bz2 @ ri.transforms-addons-bundle..artifacts.bundle

[pip-indices]
ri.artifacts.repository.python-library.foundry-transforms-lib
ri.stemma.main.repository.62965e3e-8236-4a2f-a3de-c49ec2093a68
ri.transforms-addons-bundle..artifacts.bundle
ri.transforms-tables-asset.main.artifacts.repository
ri.transforms.python.artifacts.runtime

[cran-repos]
ri.stemma.main.repository.62965e3e-8236-4a2f-a3de-c49ec2093a68

[conda lock version]
v3 - cbe6262a7785c6973b3dc2644cb96c548bdb152662e94a6214ead013e20020d3
