# This file is autogenerated and supposed to be committed to the git repository.
# Changing this file is not recommended and will likely break the build.
# Run `./gradlew --write-locks` to regenerate.
_openmp_mutex=4.5=20_gnu @ linux-64
_python_abi3_support=1.0=hd8ed1ab_2 @ noarch
aiobotocore=3.7.0=pyhcf101f3_0 @ noarch
aiohappyeyeballs=2.6.2=pyhd8ed1ab_0 @ noarch
aiohttp=3.14.1=py312h5d8c7f2_0 @ linux-64
aioitertools=0.13.0=pyhd8ed1ab_0 @ noarch
aiosignal=1.4.0=pyhd8ed1ab_0 @ noarch
attrs=26.1.0=pyhcf101f3_0 @ noarch
aws-c-auth=0.10.3=hea842a7_2 @ linux-64
aws-c-cal=0.9.14=h78948cc_2 @ linux-64
aws-c-common=0.14.0=hb03c661_0 @ linux-64
aws-c-compression=0.3.2=haa0cbde_2 @ linux-64
aws-c-event-stream=0.7.1=h9cf6be0_2 @ linux-64
aws-c-http=0.11.0=h6488f85_2 @ linux-64
aws-c-io=0.26.3=h5b668fc_4 @ linux-64
aws-c-mqtt=0.15.2=h0d2f46f_4 @ linux-64
aws-c-s3=0.12.5=hb916526_1 @ linux-64
aws-c-sdkutils=0.2.4=haa0cbde_6 @ linux-64
aws-checksums=0.2.10=haa0cbde_2 @ linux-64
aws-crt-cpp=0.40.0=h41299d8_1 @ linux-64
aws-sdk-cpp=1.11.747=h6154047_6 @ linux-64
azure-core-cpp=1.16.2=h206d751_0 @ linux-64
azure-identity-cpp=1.13.3=hed0cdb0_1 @ linux-64
azure-storage-blobs-cpp=12.17.0=hf824e48_1 @ linux-64
azure-storage-common-cpp=12.13.0=ha7a2c86_0 @ linux-64
azure-storage-files-datalake-cpp=12.15.0=h1e5b466_0 @ linux-64
backports.zstd=1.6.0=py312h90b7ffd_0 @ linux-64
botocore=1.43.0=pyhd8ed1ab_0 @ noarch
brotli-python=1.2.0=py312hdb49522_1 @ linux-64
bzip2=1.0.8=hda65f42_9 @ linux-64
c-ares=1.34.6=hb03c661_0 @ linux-64
ca-certificates=2026.5.20=hbd8a1cb_0 @ noarch
certifi=2026.5.20=pyhd8ed1ab_0 @ noarch
charset-normalizer=3.4.7=pyhd8ed1ab_0 @ noarch
colorama=0.4.6=pyhd8ed1ab_1 @ noarch
conjure-python-client=2.12.0=pyhd8ed1ab_1 @ noarch
cpython=3.12.13=py312hd8ed1ab_0 @ noarch
data-health-api=1.1560.0=py_0 @ noarch
exceptiongroup=1.3.1=pyhd8ed1ab_0 @ noarch
execnet=2.1.2=pyhd8ed1ab_0 @ noarch
foundry-container-sidecar-api=0.2388.0=py_0 @ noarch
foundry-data-sidecar-api=0.966.0=py_0 @ noarch
foundry-transforms-lib-python=0.1169.0=py_0 @ noarch
frozenlist=1.8.0=py312h447239a_0 @ linux-64
fsspec=2026.4.0=pyhd8ed1ab_0 @ noarch
gflags=2.2.2=h5888daf_1005 @ linux-64
glog=0.7.1=hbabe93e_0 @ linux-64
h2=4.3.0=pyhcf101f3_0 @ noarch
hpack=4.1.0=pyhd8ed1ab_0 @ noarch
hyperframe=6.1.0=pyhd8ed1ab_0 @ noarch
icu=78.3=h33c6efd_0 @ linux-64
idna=3.17=pyhcf101f3_0 @ noarch
importlib-metadata=9.0.0=pyhcf101f3_0 @ noarch
iniconfig=2.3.0=pyhd8ed1ab_0 @ noarch
jmespath=1.1.0=pyhcf101f3_1 @ noarch
keyutils=1.6.3=hb9d3cd8_0 @ linux-64
krb5=1.22.2=ha1258a1_0 @ linux-64
ld_impl_linux-64=2.45.1=default_hbd61a6d_102 @ linux-64
libabseil=20260107.1=cxx17_h7b12aa8_0 @ linux-64
libarrow-acero=24.0.0=h635bf11_5_cpu @ linux-64
libarrow-compute=24.0.0=h53684a4_5_cpu @ linux-64
libarrow-dataset=24.0.0=h635bf11_5_cpu @ linux-64
libarrow-substrait=24.0.0=hb4dd7c2_5_cpu @ linux-64
libarrow=24.0.0=h8ff9baf_5_cpu @ linux-64
libblas=3.11.0=8_h4a7cf45_openblas @ linux-64
libbrotlicommon=1.2.0=hb03c661_1 @ linux-64
libbrotlidec=1.2.0=hb03c661_1 @ linux-64
libbrotlienc=1.2.0=hb03c661_1 @ linux-64
libcblas=3.11.0=8_h0358290_openblas @ linux-64
libcrc32c=1.1.2=h9c3ff4c_0 @ linux-64
libcurl=8.20.0=hcf29cc6_0 @ linux-64
libedit=3.1.20250104=pl5321h7949ede_0 @ linux-64
libev=4.33=hd590300_2 @ linux-64
libevent=2.1.12=hf998b51_1 @ linux-64
libexpat=2.8.1=hecca717_1 @ linux-64
libffi=3.5.2=h3435931_0 @ linux-64
libgcc-ng=15.2.0=h69a702a_19 @ linux-64
libgcc=15.2.0=he0feb66_19 @ linux-64
libgfortran5=15.2.0=h68bc16d_19 @ linux-64
libgfortran=15.2.0=h69a702a_19 @ linux-64
libgomp=15.2.0=he0feb66_19 @ linux-64
libgoogle-cloud-storage=3.5.0=hdbdcf42_1 @ linux-64
libgoogle-cloud=3.5.0=h8d2ee43_1 @ linux-64
libgrpc=1.78.1=h1d1128b_0 @ linux-64
libiconv=1.18=h3b78370_2 @ linux-64
liblapack=3.11.0=8_h47877c9_openblas @ linux-64
liblzma=5.8.3=hb03c661_0 @ linux-64
libnghttp2=1.68.1=h877daf1_0 @ linux-64
libnsl=2.0.1=hb9d3cd8_1 @ linux-64
libopenblas=0.3.33=pthreads_h94d23a6_0 @ linux-64
libopentelemetry-cpp-headers=1.27.0=ha770c72_0 @ linux-64
libopentelemetry-cpp=1.27.0=h9692893_0 @ linux-64
libparquet=24.0.0=h7376487_5_cpu @ linux-64
libprotobuf=6.33.5=h6eeba95_1 @ linux-64
libre2-11=2025.11.05=h0dc7533_1 @ linux-64
libsqlite=3.53.2=h0c1763c_0 @ linux-64
libssh2=1.11.1=hcf80075_0 @ linux-64
libstdcxx-ng=15.2.0=hdf11a46_19 @ linux-64
libstdcxx=15.2.0=h934c35e_19 @ linux-64
libthrift=0.22.0=h7d032f7_2 @ linux-64
libutf8proc=2.11.3=hfe17d71_0 @ linux-64
libuuid=2.42.1=h5347b49_0 @ linux-64
libxcrypt=4.4.36=hd590300_1 @ linux-64
libxml2-16=2.15.3=hca6bf5a_0 @ linux-64
libxml2=2.15.3=h49c6c72_0 @ linux-64
libzlib=1.3.2=h25fd6f3_2 @ linux-64
lz4-c=1.10.0=h5888daf_1 @ linux-64
multidict=6.7.1=py312h8a5da7c_0 @ linux-64
ncurses=6.6=hdb14827_0 @ linux-64
nlohmann_json=3.12.0=h54a6638_1 @ linux-64
numpy=1.26.4=py312heda63a1_0 @ linux-64
openssl=3.6.3=h35e630c_0 @ linux-64
orc=2.3.0=h21090e2_0 @ linux-64
packaging=26.2=pyhc364b38_0 @ noarch
palantir-spark-time=3.24.0=py_0 @ noarch
pandas=2.3.3=py312hf79963d_1 @ linux-64
parsimonious=0.10.0=pyhd8ed1ab_1 @ noarch
pip=26.1.2=pyh8b19718_0 @ noarch
pluggy=1.6.0=pyhf9edf01_1 @ noarch
polars-runtime-32=1.41.2=py310h49dadd8_0 @ linux-64
polars=1.41.2=pyh58ad624_0 @ noarch
prometheus-cpp=1.3.0=ha5d0236_0 @ linux-64
propcache=0.5.2=py312h8a5da7c_0 @ linux-64
psutil=7.2.2=py312h5253ce2_0 @ linux-64
py4j=0.10.9.9=pyhd8ed1ab_0 @ noarch
py=1.11.0=pyhd8ed1ab_1 @ noarch
pyarrow-core=24.0.0=py312h2054cf2_0_cpu @ linux-64
pyarrow=24.0.0=py312h7900ff3_0 @ linux-64
pysocks=1.7.1=pyha55dd90_7 @ noarch
pyspark-src=3.5.5.28=py_0 @ noarch
pyspark=3.5.5.28=py_0 @ noarch
pytest-forked=1.6.0=pyhd8ed1ab_1 @ noarch
pytest-html=1.22.0=py_0 @ noarch
pytest-metadata=2.0.4=pyhd8ed1ab_0 @ noarch
pytest-transforms=3.247.1=py_0 @ noarch
pytest-xdist=2.0.0=py_0 @ noarch
pytest=7.2.1=pyhd8ed1ab_0 @ noarch
python-dateutil=2.9.0.post0=pyhe01879c_2 @ noarch
python-gil=3.12.13=hd8ed1ab_0 @ noarch
python-tzdata=2026.2=pyhd8ed1ab_0 @ noarch
python=3.12.13=hd63d673_0_cpython @ linux-64
python_abi=3.12=8_cp312 @ noarch
pytz=2026.2=pyhcf101f3_0 @ noarch
pyyaml=6.0.3=py312h8a5da7c_1 @ linux-64
re2=2025.11.05=h5301d42_1 @ linux-64
readline=8.3=h853b02a_0 @ linux-64
regex=2026.5.9=py312h4c3975b_0 @ linux-64
requests=2.34.2=pyhcf101f3_0 @ noarch
s2n=1.7.3=hc5a330e_0 @ linux-64
s3fs=2026.4.0=pyhd8ed1ab_0 @ noarch
setuptools=78.1.1=pyhff2d567_0 @ noarch
six=1.17.0=pyhe01879c_1 @ noarch
snappy=1.2.2=h03e3b7b_1 @ linux-64
tables-api=0.1066.0=py_0 @ noarch
tk=8.6.13=noxft_h366c992_103 @ linux-64
tomli=2.4.1=pyhcf101f3_0 @ noarch
transforms-container-ops-python=0.305.0=py312 @ linux-64
transforms-expectations=0.1283.0=py_0 @ noarch
transforms-preview=0.1283.0=py_0 @ noarch
transforms-verbs=0.1283.0=py_0 @ noarch
transforms=3.208.2=py_0 @ noarch
typeguard=4.5.2=pyhcf101f3_0 @ noarch
typing_extensions=4.15.0=pyhcf101f3_0 @ noarch
tzdata=2025c=hc9c84f9_1 @ noarch
urllib3=2.7.0=pyhd8ed1ab_0 @ noarch
wheel=0.47.0=pyhd8ed1ab_0 @ noarch
wrapt=2.2.1=py312h4c3975b_0 @ linux-64
yaml=0.2.5=h280c20c_3 @ linux-64
yarl=1.24.2=py312h8a5da7c_0 @ linux-64
zipp=4.1.0=pyhcf101f3_0 @ noarch
zlib=1.3.2=h25fd6f3_2 @ linux-64
zstd=1.5.7=hb78ec9c_6 @ linux-64

[Conda lock version]
v2 - 56bf8897c4ad480ea2f9ab82880997ef00eaab4a27f9c2562893b9b9218f03ad
