# This file is autogenerated and supposed to be committed to the git repository.
# Changing this file is not recommended and will likely break the build.
# Run `./gradlew --write-locks` to regenerate.
_openmp_mutex=4.5=20_gnu @ linux-64
_python_abi3_support=1.0=hd8ed1ab_3 @ noarch
aiobotocore=3.9.0=pyhcf101f3_0 @ noarch
aiohappyeyeballs=2.7.1=pyhd8ed1ab_0 @ noarch
aiohttp=3.14.3=py312h5d8c7f2_0 @ linux-64
aioitertools=0.13.0=pyhd8ed1ab_0 @ noarch
aiosignal=1.4.0=pyhd8ed1ab_0 @ noarch
annotated-types=0.8.0=pyhd8ed1ab_0 @ noarch
anyio=4.14.2=pyhcf101f3_0 @ noarch
attrs=26.1.0=pyhcf101f3_0 @ noarch
aws-c-auth=0.10.4=hb7a77c6_1 @ linux-64
aws-c-cal=0.9.14=h2aa3ae6_4 @ linux-64
aws-c-common=0.14.2=hb03c661_0 @ linux-64
aws-c-compression=0.3.2=h720e601_4 @ linux-64
aws-c-event-stream=0.7.1=h6ffeea8_4 @ linux-64
aws-c-http=0.11.0=h38ae05a_4 @ linux-64
aws-c-io=0.27.3=h6f4d18d_1 @ linux-64
aws-c-mqtt=0.16.0=h21f4ec5_2 @ linux-64
aws-c-s3=0.12.8=h46fcd08_1 @ linux-64
aws-c-sdkutils=0.2.7=h720e601_2 @ linux-64
aws-checksums=0.2.10=h720e601_4 @ linux-64
aws-crt-cpp=0.40.1=h102d43b_3 @ linux-64
aws-sdk-cpp=1.11.833=hc7390e0_9 @ linux-64
azure-core-cpp=1.16.3=h206d751_0 @ linux-64
azure-identity-cpp=1.13.3=h71f81a8_2 @ linux-64
azure-storage-blobs-cpp=12.18.0=h74b55db_1 @ linux-64
azure-storage-common-cpp=12.14.0=hf596fc9_1 @ linux-64
azure-storage-files-datalake-cpp=12.16.0=h1f05bef_1 @ linux-64
backports.zstd=1.7.0=py312h3f22e6b_0 @ linux-64
botocore=1.43.56=pyhd8ed1ab_0 @ noarch
brotli-python=1.2.0=py312he9c40d5_3 @ linux-64
bzip2=1.0.8=hda65f42_10 @ linux-64
c-ares=1.34.8=hebe6cf0_2 @ linux-64
ca-certificates=2026.7.22=hbd8a1cb_0 @ noarch
certifi=2026.7.22=pyhd8ed1ab_0 @ noarch
charset-normalizer=3.5.1=pyhd8ed1ab_0 @ noarch
conjure-python-client=2.12.0=pyhd8ed1ab_1 @ noarch
cpython=3.12.14=py312hd8ed1ab_0 @ noarch
data-health-api=1.1655.0=py_0 @ noarch
exceptiongroup=1.3.1=pyhd8ed1ab_0 @ noarch
external-systems=0.111.0=pyhd8ed1ab_0 @ noarch
foundry-container-sidecar-api=0.2532.0=py_0 @ noarch
foundry-data-sidecar-api=0.1209.0=py_0 @ noarch
foundry-platform-sdk=1.104.0=pyhd8ed1ab_0 @ noarch
foundry-transforms-lib-python=0.1232.0=py_0 @ noarch
frozendict=2.4.7=pyh851646a_2 @ noarch
frozenlist=1.8.0=py312h447239a_0 @ linux-64
fsspec=2026.7.0=pyhd8ed1ab_0 @ noarch
gflags=2.3.1=h54a6638_0 @ linux-64
glog=0.7.1=hb7133d2_1 @ linux-64
h11=0.16.0=pyhcf101f3_1 @ noarch
h2=4.4.1=pyhcf101f3_0 @ noarch
hpack=4.2.0=pyhd8ed1ab_0 @ noarch
httpcore=1.0.9=pyh29332c3_0 @ noarch
httpx-sse=0.4.3=pyhd8ed1ab_0 @ noarch
httpx=0.28.1=pyhd8ed1ab_0 @ noarch
hyperframe=6.1.0=pyhd8ed1ab_0 @ noarch
icu=78.3=h54a6638_2 @ linux-64
idna=3.19=pyhcf101f3_0 @ noarch
jmespath=1.1.0=pyhcf101f3_1 @ noarch
keyutils=1.6.3=h7cc23a3_1 @ linux-64
krb5=1.22.2=hbc21106_2 @ linux-64
ld_impl_linux-64=2.46.1=default_hbd61a6d_102 @ linux-64
libabseil=20260526.0=cxx17_h0dc7533_2 @ linux-64
libarrow-acero=25.0.0=h635bf11_4_cpu @ linux-64
libarrow-compute=25.0.0=h53684a4_4_cpu @ linux-64
libarrow-dataset=25.0.0=h635bf11_4_cpu @ linux-64
libarrow-substrait=25.0.0=h66fbfdd_4_cpu @ linux-64
libarrow=25.0.0=hcc2f0d9_4_cpu @ linux-64
libblas=3.11.0=10_h4a7cf45_openblas @ linux-64
libbrotlicommon=1.2.0=h39a168f_3 @ linux-64
libbrotlidec=1.2.0=ha411449_3 @ linux-64
libbrotlienc=1.2.0=h018ffa1_3 @ linux-64
libcblas=3.11.0=10_h0358290_openblas @ linux-64
libcrc32c=1.1.2=h9c3ff4c_0 @ linux-64
libcurl=8.21.0=ha042cf0_5 @ linux-64
libedit=3.1.20250104=pl5321h373387f_1 @ linux-64
libev=4.33=h280c20c_3 @ linux-64
libevent=2.1.12=hf998b51_1 @ linux-64
libexpat=2.8.1=hecca717_1 @ linux-64
libffi=3.7.0=h81df57d_1 @ linux-64
libgcc-ng=16.2.0=h69a702a_4 @ linux-64
libgcc=16.2.0=ha9f2e26_4 @ linux-64
libgfortran5=16.2.0=h6b99dfc_4 @ linux-64
libgfortran=16.2.0=h69a702a_4 @ linux-64
libgomp=16.2.0=he0feb66_4 @ linux-64
libgoogle-cloud-storage=3.8.0=hdbdcf42_0 @ linux-64
libgoogle-cloud=3.8.0=hbc29df5_0 @ linux-64
libgrpc=1.82.1=h792040b_0 @ linux-64
libiconv=1.18=h0cb94f2_3 @ linux-64
liblapack=3.11.0=10_h47877c9_openblas @ linux-64
liblzma=5.8.3=hb03c661_1 @ linux-64
libnghttp2=1.68.1=h74cf4be_1 @ linux-64
libnsl=2.0.1=hb9d3cd8_1 @ linux-64
libopenblas=0.3.34=pthreads_hcf972fe_1 @ linux-64
libopentelemetry-cpp-headers=1.27.0=ha770c72_1 @ linux-64
libopentelemetry-cpp=1.27.0=h3133023_1 @ linux-64
libparquet=25.0.0=h7376487_4_cpu @ linux-64
libprotobuf=7.35.1=h622638d_3 @ linux-64
libpsl=0.23.1=hd9e3e90_1 @ linux-64
libre2-11=2025.11.05=h60473fc_2 @ linux-64
libsqlite=3.53.4=h0737f62_1 @ linux-64
libssh2=1.11.1=h6154650_1 @ linux-64
libstdcxx-ng=16.2.0=hdf11a46_4 @ linux-64
libstdcxx=16.2.0=h934c35e_4 @ linux-64
libthrift=0.22.0=h7d032f7_2 @ linux-64
libutf8proc=2.11.3=hfe17d71_0 @ linux-64
libuuid=2.42.2=h5347b49_0 @ linux-64
libxcrypt=4.4.38=h280c20c_0 @ linux-64
libxml2-16=2.15.3=hca6bf5a_1 @ linux-64
libxml2=2.15.3=h49c6c72_1 @ linux-64
libzlib=1.3.2=h25fd6f3_3 @ linux-64
lz4-c=1.10.0=hee9eb32_2 @ linux-64
multidict=6.7.1=py312h8a5da7c_0 @ linux-64
ncurses=6.6=hdb14827_1 @ linux-64
nlohmann_json=3.12.0=h54a6638_2 @ linux-64
numpy=1.26.4=py312heda63a1_0 @ linux-64
openssl=3.6.4=h781a0a9_0 @ linux-64
orc=2.3.1=h443056b_0 @ linux-64
packaging=26.3=pyhc364b38_0 @ noarch
palantir-spark-time=3.24.0=py_0 @ noarch
pandas=2.2.3=py312hf9745cd_1 @ linux-64
parsimonious=0.10.0=pyhd8ed1ab_1 @ noarch
pip=26.2.1=pyh8b19718_0 @ noarch
polars-runtime-32=1.44.1=py310h90887b8_0 @ linux-64
polars=1.44.1=pyh8da0edf_0 @ noarch
prometheus-cpp=1.3.0=ha5d0236_0 @ linux-64
propcache=0.5.2=py312h8a5da7c_0 @ linux-64
py4j=0.10.9.9=pyhd8ed1ab_0 @ noarch
pyarrow-core=25.0.0=py312h2054cf2_0_cpu @ linux-64
pyarrow=25.0.0=py312h7900ff3_0 @ linux-64
pydantic-core=2.33.2=py312h868fb18_1 @ linux-64
pydantic=2.11.10=pyh3cfb1c2_0 @ noarch
pysocks=1.7.1=pyha55dd90_7 @ noarch
pyspark-src=3.5.5.35=py_0 @ noarch
pyspark=3.5.5.35=py_0 @ noarch
python-dateutil=2.9.0.post0=pyhe01879c_2 @ noarch
python-gil=3.12.14=hd8ed1ab_0 @ noarch
python-tzdata=2026.3=pyhd8ed1ab_0 @ noarch
python=3.12.14=h8ab3286_0_cpython @ linux-64
python_abi=3.12=8_cp312 @ noarch
pytz=2024.1=pyhd8ed1ab_0 @ noarch
pyyaml=6.0.3=py312h8a5da7c_1 @ linux-64
re2=2025.11.05=h94463f1_2 @ linux-64
readline=8.3=hd6e31c0_1 @ linux-64
regex=2026.9.3=py312h5cc1888_0 @ linux-64
requests=2.34.2=pyhcf101f3_0 @ noarch
retrying=1.4.2=pyhe01879c_0 @ noarch
s2n=1.7.5=h7e3ee7f_1 @ linux-64
s3fs=0.6.0=pyhd8ed1ab_0 @ noarch
setuptools=78.1.1=pyhff2d567_0 @ noarch
six=1.17.0=pyhe01879c_1 @ noarch
snappy=1.2.2=h03e3b7b_1 @ linux-64
sniffio=1.3.1=pyhd8ed1ab_2 @ noarch
tables-api=0.1066.0=py_0 @ noarch
tk=8.6.13=noxft_h1df4ec4_4 @ linux-64
transforms-container-ops-python=0.340.0=py312 @ linux-64
transforms-expectations=0.1336.0=py_0 @ noarch
transforms-external-systems=0.1336.0=py_0 @ noarch
transforms-preview=0.1336.0=py_0 @ noarch
transforms-verbs=0.1336.0=py_0 @ noarch
transforms=3.296.1=py_0 @ noarch
typeguard=4.6.0=pyhcf101f3_0 @ noarch
types-requests=2.33.0.20260712=pyhcf101f3_0 @ noarch
typing-extensions=4.16.0=h69aa097_0 @ noarch
typing-inspection=0.4.4=pyhcf101f3_0 @ noarch
typing_extensions=4.16.0=pyhcf101f3_0 @ noarch
tzdata=2026c=h151e31d_0 @ noarch
urllib3=2.7.0=pyhd8ed1ab_0 @ noarch
wheel=0.48.0=pyhd8ed1ab_0 @ noarch
wrapt=2.4.0=py312h1b36aeb_0 @ linux-64
yaml=0.2.5=h280c20c_3 @ linux-64
yarl=1.24.5=py312h8a5da7c_0 @ linux-64
zlib=1.3.2=h25fd6f3_3 @ linux-64
zstd=1.5.7=hb78ec9c_7 @ linux-64

[Conda lock version]
v2 - f2c075c586b2ee0a3b776d4ca5c27a6bc46451f6491ba7e0df40a42441bf1c09
